<Solution>
  <Project Path="NotificationService.Api/NotificationService.Api.csproj" />
  <Project Path="NotificationService.Application/NotificationService.Application.csproj" />
  <Project Path="NotificationService.Domain/NotificationService.Domain.csproj" />
  <Project Path="NotificationService.Infrastructure/NotificationService.Infrastructure.csproj" />
  <Project Path="NotificationService.Tests/NotificationService.Tests.csproj" />
</Solution>
