<Solution>
  <Project Path="../../BuildingBlocks/Erp.BuildingBlocks.Hosting/Erp.BuildingBlocks.Hosting.csproj" />
  <Project Path="AccountsService.API/AccountsService.API.csproj" />
  <Project Path="AccountsService.Application/AccountsService.Application.csproj" />
  <Project Path="AccountsService.Contracts/AccountsService.Contracts.csproj" />
  <Project Path="AccountsService.Domain/AccountsService.Domain.csproj" />
  <Project Path="AccountsService.Infrastructure/AccountsService.Infrastructure.csproj" />
  <Project Path="AccountsService.Tests/AccountsService.Tests.csproj" />
</Solution>
